
Microsoft Visual Studio Solution File, Format Version 11.00
# Visual Studio 2010
Project("{F184B08F-C81C-45F6-A57F-5ABD9991F28F}") = "Assembly.Software.SQL.Server.RegEx", "Assembly.Software.SQL.Server.RegEx\Assembly.Software.SQL.Server.RegEx.vbproj", "{2D98CEFB-5688-4874-B6D5-D7BC7F261B0C}"
EndProject
Global
	GlobalSection(TeamFoundationVersionControl) = preSolution
		SccNumberOfProjects = 2
		SccEnterpriseProvider = {4CA58AB2-18FA-4F8D-95D4-32DDF27D184C}
		SccTeamFoundationServer = http://assemblysrv:8080/
		SccLocalPath0 = .
		SccProjectUniqueName1 = Assembly.Software.SQL.Server.RegEx\\Assembly.Software.SQL.Server.RegEx.vbproj
		SccProjectName1 = Assembly.Software.SQL.Server.RegEx
		SccLocalPath1 = Assembly.Software.SQL.Server.RegEx
	EndGlobalSection
	GlobalSection(SolutionConfigurationPlatforms) = preSolution
		Debug|Any CPU = Debug|Any CPU
		Release|Any CPU = Release|Any CPU
	EndGlobalSection
	GlobalSection(ProjectConfigurationPlatforms) = postSolution
		{2D98CEFB-5688-4874-B6D5-D7BC7F261B0C}.Debug|Any CPU.ActiveCfg = Debug|Any CPU
		{2D98CEFB-5688-4874-B6D5-D7BC7F261B0C}.Debug|Any CPU.Build.0 = Debug|Any CPU
		{2D98CEFB-5688-4874-B6D5-D7BC7F261B0C}.Release|Any CPU.ActiveCfg = Release|Any CPU
		{2D98CEFB-5688-4874-B6D5-D7BC7F261B0C}.Release|Any CPU.Build.0 = Release|Any CPU
	EndGlobalSection
	GlobalSection(SolutionProperties) = preSolution
		HideSolutionNode = FALSE
	EndGlobalSection
EndGlobal
