
Microsoft Visual Studio Solution File, Format Version 12.00
# Visual Studio 2012
Project("{F14B399A-7131-4C87-9E4B-1186C45EF12D}") = "Hours Analisys", "Hours Analisys\Hours Analisys.rptproj", "{A56BAF29-7BFA-4FDA-9E7F-AD9A2FF51271}"
EndProject
Project("{F14B399A-7131-4C87-9E4B-1186C45EF12D}") = "Financial Status", "Financial Status\Financial Status.rptproj", "{3316C282-57E2-4D2E-8AFF-8AC85918022B}"
EndProject
Global
	GlobalSection(SolutionConfigurationPlatforms) = preSolution
		Debug|Default = Debug|Default
		DebugLocal|Default = DebugLocal|Default
		Production|Default = Production|Default
	EndGlobalSection
	GlobalSection(ProjectConfigurationPlatforms) = postSolution
		{A56BAF29-7BFA-4FDA-9E7F-AD9A2FF51271}.Debug|Default.ActiveCfg = Debug
		{A56BAF29-7BFA-4FDA-9E7F-AD9A2FF51271}.Debug|Default.Build.0 = DebugLocal
		{A56BAF29-7BFA-4FDA-9E7F-AD9A2FF51271}.Debug|Default.Deploy.0 = DebugLocal
		{A56BAF29-7BFA-4FDA-9E7F-AD9A2FF51271}.DebugLocal|Default.ActiveCfg = DebugLocal
		{A56BAF29-7BFA-4FDA-9E7F-AD9A2FF51271}.DebugLocal|Default.Build.0 = DebugLocal
		{A56BAF29-7BFA-4FDA-9E7F-AD9A2FF51271}.Production|Default.ActiveCfg = Production
		{A56BAF29-7BFA-4FDA-9E7F-AD9A2FF51271}.Production|Default.Build.0 = Production
		{A56BAF29-7BFA-4FDA-9E7F-AD9A2FF51271}.Production|Default.Deploy.0 = Production
		{3316C282-57E2-4D2E-8AFF-8AC85918022B}.Debug|Default.ActiveCfg = DebugLocal
		{3316C282-57E2-4D2E-8AFF-8AC85918022B}.Debug|Default.Build.0 = DebugLocal
		{3316C282-57E2-4D2E-8AFF-8AC85918022B}.DebugLocal|Default.ActiveCfg = DebugLocal
		{3316C282-57E2-4D2E-8AFF-8AC85918022B}.DebugLocal|Default.Build.0 = DebugLocal
		{3316C282-57E2-4D2E-8AFF-8AC85918022B}.Production|Default.ActiveCfg = Production
		{3316C282-57E2-4D2E-8AFF-8AC85918022B}.Production|Default.Build.0 = Production
		{3316C282-57E2-4D2E-8AFF-8AC85918022B}.Production|Default.Deploy.0 = Production
	EndGlobalSection
	GlobalSection(SolutionProperties) = preSolution
		HideSolutionNode = FALSE
	EndGlobalSection
EndGlobal
